<Project xmlns="http://schemas.microsoft.com/developer/msbuild/2003">
    <PropertyGroup>
        <ProjectGuid>{D2829706-A1A1-4FB8-9BE5-E25D4AEC1964}</ProjectGuid>
        <MainSource>T2TiERPNFCe.dpr</MainSource>
        <Base>True</Base>
        <Config Condition="'$(Config)'==''">Debug</Config>
        <TargetedPlatforms>17</TargetedPlatforms>
        <AppType>Application</AppType>
        <FrameworkType>VCL</FrameworkType>
        <ProjectVersion>15.3</ProjectVersion>
        <Platform Condition="'$(Platform)'==''">Win32</Platform>
    </PropertyGroup>
    <PropertyGroup Condition="'$(Config)'=='Base' or '$(Base)'!=''">
        <Base>true</Base>
    </PropertyGroup>
    <PropertyGroup Condition="('$(Platform)'=='Win32' and '$(Base)'=='true') or '$(Base_Win32)'!=''">
        <Base_Win32>true</Base_Win32>
        <CfgParent>Base</CfgParent>
        <Base>true</Base>
    </PropertyGroup>
    <PropertyGroup Condition="'$(Config)'=='Release' or '$(Cfg_1)'!=''">
        <Cfg_1>true</Cfg_1>
        <CfgParent>Base</CfgParent>
        <Base>true</Base>
    </PropertyGroup>
    <PropertyGroup Condition="'$(Config)'=='Debug' or '$(Cfg_2)'!=''">
        <Cfg_2>true</Cfg_2>
        <CfgParent>Base</CfgParent>
        <Base>true</Base>
    </PropertyGroup>
    <PropertyGroup Condition="'$(Base)'!=''">
        <DCC_Namespace>System;Xml;Data;Datasnap;Web;Soap;Winapi;Bde;Vcl;Vcl.Imaging;Vcl.Touch;Vcl.Samples;Vcl.Shell;$(DCC_Namespace)</DCC_Namespace>
        <VerInfo_Keys>CompanyName=;FileDescription=;FileVersion=1.0.0.0;InternalName=;LegalCopyright=;LegalTrademarks=;OriginalFilename=;ProductName=;ProductVersion=1.0.0.0;Comments=;CFBundleName=;CFBundleDisplayName=;UIDeviceFamily=;CFBundleIdentifier=;CFBundleVersion=;CFBundlePackageType=;CFBundleSignature=;CFBundleAllowMixedLocalizations=;UISupportedInterfaceOrientations=;CFBundleExecutable=;CFBundleResourceSpecification=;LSRequiresIPhoneOS=;CFBundleInfoDictionaryVersion=;CFBundleDevelopmentRegion=;package=;label=;versionCode=;versionName=;persistent=;restoreAnyVersion=;installLocation=;largeHeap=;theme=</VerInfo_Keys>
        <DCC_ImageBase>00400000</DCC_ImageBase>
        <DCC_S>false</DCC_S>
        <DCC_N>false</DCC_N>
        <DCC_F>false</DCC_F>
        <VerInfo_Locale>1046</VerInfo_Locale>
        <DCC_DebugInformation>true</DCC_DebugInformation>
        <DCC_E>false</DCC_E>
        <DCC_K>false</DCC_K>
    </PropertyGroup>
    <PropertyGroup Condition="'$(Base_Win32)'!=''">
        <DCC_Namespace>System.Win;Data.Win;Datasnap.Win;Web.Win;Soap.Win;Xml.Win;$(DCC_Namespace)</DCC_Namespace>
        <VerInfo_IncludeVerInfo>true</VerInfo_IncludeVerInfo>
        <Manifest_File>$(BDS)\bin\default_app.manifest</Manifest_File>
        <VerInfo_Locale>1033</VerInfo_Locale>
        <VerInfo_Keys>CompanyName=;FileDescription=;FileVersion=1.0.0.0;InternalName=;LegalCopyright=;LegalTrademarks=;OriginalFilename=;ProductName=;ProductVersion=1.0.0.0;Comments=</VerInfo_Keys>
    </PropertyGroup>
    <PropertyGroup Condition="'$(Cfg_1)'!=''">
        <DCC_SymbolReferenceInfo>0</DCC_SymbolReferenceInfo>
        <DCC_Define>RELEASE;$(DCC_Define)</DCC_Define>
        <DCC_LocalDebugSymbols>false</DCC_LocalDebugSymbols>
        <DCC_DebugInformation>0</DCC_DebugInformation>
    </PropertyGroup>
    <PropertyGroup Condition="'$(Cfg_2)'!=''">
        <DCC_Define>DEBUG;$(DCC_Define)</DCC_Define>
        <DCC_GenerateStackFrames>true</DCC_GenerateStackFrames>
        <DCC_Optimize>false</DCC_Optimize>
    </PropertyGroup>
    <ItemGroup>
        <DelphiCompile Include="$(MainSource)">
            <MainSource>MainSource</MainSource>
        </DelphiCompile>
        <DCCReference Include="Tela\UMenu.pas">
            <Form>FMenu</Form>
        </DCCReference>
        <DCCReference Include="Tela\UCliente.pas">
            <Form>FCliente</Form>
        </DCCReference>
        <DCCReference Include="Tela\UProduto.pas">
            <Form>FProduto</Form>
        </DCCReference>
        <DCCReference Include="Controller\ControleEstoqueController.pas"/>
        <DCCReference Include="Controller\Controller.pas"/>
        <DCCReference Include="Controller\DAVController.pas"/>
        <DCCReference Include="Controller\DavDetalheController.pas"/>
        <DCCReference Include="Controller\EmpresaEnderecoController.pas"/>
        <DCCReference Include="Controller\FinLancamentoReceberController.pas"/>
        <DCCReference Include="Controller\NfceConfiguracaoController.pas"/>
        <DCCReference Include="Controller\NfceFechamentoController.pas"/>
        <DCCReference Include="Controller\NfceMovimentoController.pas"/>
        <DCCReference Include="Controller\NfceOperadorController.pas"/>
        <DCCReference Include="Controller\NfceSangriaController.pas"/>
        <DCCReference Include="Controller\NfceSuprimentoController.pas"/>
        <DCCReference Include="Controller\NfceTipoPagamentoController.pas"/>
        <DCCReference Include="Controller\NfceTurnoController.pas"/>
        <DCCReference Include="Controller\NfeConfiguracaoController.pas"/>
        <DCCReference Include="Controller\NfeFormaPagamentoController.pas"/>
        <DCCReference Include="Controller\NfeNumeroController.pas"/>
        <DCCReference Include="Controller\ProdutoController.pas"/>
        <DCCReference Include="Controller\VendaController.pas"/>
        <DCCReference Include="Controller\VendedorController.pas"/>
        <DCCReference Include="Controller\ViewNfceClienteController.pas"/>
        <DCCReference Include="Util\Atributos.pas"/>
        <DCCReference Include="Util\Biblioteca.pas"/>
        <DCCReference Include="Util\Constantes.pas"/>
        <DCCReference Include="Util\Conversor.pas"/>
        <DCCReference Include="Util\SessaoUsuario.pas"/>
        <DCCReference Include="Util\T2TiORM.pas"/>
        <DCCReference Include="Util\Tipos.pas"/>
        <DCCReference Include="VO\CfopVO.pas"/>
        <DCCReference Include="VO\DavCabecalhoVO.pas"/>
        <DCCReference Include="VO\DAVDetalheVO.pas"/>
        <DCCReference Include="VO\EmpresaEnderecoVO.pas"/>
        <DCCReference Include="VO\EmpresaVO.pas"/>
        <DCCReference Include="VO\FinLancamentoReceberVO.pas"/>
        <DCCReference Include="VO\FinParcelaReceberVO.pas"/>
        <DCCReference Include="VO\FiscalNotaFiscalEntradaVO.pas"/>
        <DCCReference Include="VO\JSonVO.pas"/>
        <DCCReference Include="VO\NfceCaixaVO.pas"/>
        <DCCReference Include="VO\NfceConfiguracaoBalancaVO.pas"/>
        <DCCReference Include="VO\NfceConfiguracaoLeitorSerVO.pas"/>
        <DCCReference Include="VO\NfceConfiguracaoVO.pas"/>
        <DCCReference Include="VO\NfceFechamentoVO.pas"/>
        <DCCReference Include="VO\NfceMovimentoVO.pas"/>
        <DCCReference Include="VO\NfceOperadorVO.pas"/>
        <DCCReference Include="VO\NfcePosicaoComponentesVO.pas"/>
        <DCCReference Include="VO\NfceResolucaoVO.pas"/>
        <DCCReference Include="VO\NfceSangriaVO.pas"/>
        <DCCReference Include="VO\NfceSuprimentoVO.pas"/>
        <DCCReference Include="VO\NfceTipoPagamentoVO.pas"/>
        <DCCReference Include="VO\NfceTurnoVO.pas"/>
        <DCCReference Include="VO\NfeAcessoXmlVO.pas"/>
        <DCCReference Include="VO\NfeCabecalhoVO.pas"/>
        <DCCReference Include="VO\NfeCanaDeducoesSafraVO.pas"/>
        <DCCReference Include="VO\NfeCanaFornecimentoDiarioVO.pas"/>
        <DCCReference Include="VO\NfeCanaVO.pas"/>
        <DCCReference Include="VO\NfeConfiguracaoVO.pas"/>
        <DCCReference Include="VO\NfeCteReferenciadoVO.pas"/>
        <DCCReference Include="VO\NfeCupomFiscalReferenciadoVO.pas"/>
        <DCCReference Include="VO\NfeDeclaracaoImportacaoVO.pas"/>
        <DCCReference Include="VO\NfeDestinatarioVO.pas"/>
        <DCCReference Include="VO\NfeDetalheImpostoCofinsVO.pas"/>
        <DCCReference Include="VO\NfeDetalheImpostoIcmsVO.pas"/>
        <DCCReference Include="VO\NfeDetalheImpostoIiVO.pas"/>
        <DCCReference Include="VO\NfeDetalheImpostoIpiVO.pas"/>
        <DCCReference Include="VO\NfeDetalheImpostoIssqnVO.pas"/>
        <DCCReference Include="VO\NfeDetalheImpostoPisVO.pas"/>
        <DCCReference Include="VO\NfeDetalheVO.pas"/>
        <DCCReference Include="VO\NfeDetEspecificoArmamentoVO.pas"/>
        <DCCReference Include="VO\NfeDetEspecificoCombustivelVO.pas"/>
        <DCCReference Include="VO\NfeDetEspecificoMedicamentoVO.pas"/>
        <DCCReference Include="VO\NfeDetEspecificoVeiculoVO.pas"/>
        <DCCReference Include="VO\NfeDuplicataVO.pas"/>
        <DCCReference Include="VO\NfeEmitenteVO.pas"/>
        <DCCReference Include="VO\NfeExportacaoVO.pas"/>
        <DCCReference Include="VO\NfeFaturaVO.pas"/>
        <DCCReference Include="VO\NfeFormaPagamentoVO.pas"/>
        <DCCReference Include="VO\NfeImportacaoDetalheVO.pas"/>
        <DCCReference Include="VO\NfeLocalEntregaVO.pas"/>
        <DCCReference Include="VO\NfeLocalRetiradaVO.pas"/>
        <DCCReference Include="VO\NfeNfReferenciadaVO.pas"/>
        <DCCReference Include="VO\NfeNumeroVO.pas"/>
        <DCCReference Include="VO\NfeProcessoReferenciadoVO.pas"/>
        <DCCReference Include="VO\NfeProdRuralReferenciadaVO.pas"/>
        <DCCReference Include="VO\NfeReferenciadaVO.pas"/>
        <DCCReference Include="VO\NfeTransporteReboqueVO.pas"/>
        <DCCReference Include="VO\NfeTransporteVO.pas"/>
        <DCCReference Include="VO\NfeTransporteVolumeLacreVO.pas"/>
        <DCCReference Include="VO\NfeTransporteVolumeVO.pas"/>
        <DCCReference Include="VO\NivelFormacaoVO.pas"/>
        <DCCReference Include="VO\ProdutoLoteVO.pas"/>
        <DCCReference Include="VO\ProdutoVO.pas"/>
        <DCCReference Include="VO\TributOperacaoFiscalVO.pas"/>
        <DCCReference Include="VO\UnidadeProdutoVO.pas"/>
        <DCCReference Include="VO\VendedorVO.pas"/>
        <DCCReference Include="VO\ViewNfceClienteVO.pas"/>
        <DCCReference Include="VO\VO.pas"/>
        <DCCReference Include="Tela\UPagamento.pas">
            <Form>FPagamento</Form>
            <FormType>fmx</FormType>
        </DCCReference>
        <DCCReference Include="..\..\Comum\DataModule\UDataModuleConexao.pas">
            <Form>FDataModuleConexao</Form>
            <FormType>dfm</FormType>
            <DesignClass>TDataModule</DesignClass>
        </DCCReference>
        <DCCReference Include="..\Comum\DataModule\UDataModule.pas">
            <Form>FDataModule</Form>
            <FormType>dfm</FormType>
            <DesignClass>TDataModule</DesignClass>
        </DCCReference>
        <DCCReference Include="Tela\UDanfe.pas">
            <Form>FDanfe</Form>
            <FormType>dfm</FormType>
        </DCCReference>
        <BuildConfiguration Include="Debug">
            <Key>Cfg_2</Key>
            <CfgParent>Base</CfgParent>
        </BuildConfiguration>
        <BuildConfiguration Include="Base">
            <Key>Base</Key>
        </BuildConfiguration>
        <BuildConfiguration Include="Release">
            <Key>Cfg_1</Key>
            <CfgParent>Base</CfgParent>
        </BuildConfiguration>
    </ItemGroup>
    <ProjectExtensions>
        <Borland.Personality>Delphi.Personality.12</Borland.Personality>
        <Borland.ProjectType/>
        <BorlandProject>
            <Delphi.Personality>
                <Source>
                    <Source Name="MainSource">T2TiERPNFCe.dpr</Source>
                </Source>
                <VersionInfo>
                    <VersionInfo Name="IncludeVerInfo">False</VersionInfo>
                    <VersionInfo Name="AutoIncBuild">False</VersionInfo>
                    <VersionInfo Name="MajorVer">1</VersionInfo>
                    <VersionInfo Name="MinorVer">0</VersionInfo>
                    <VersionInfo Name="Release">0</VersionInfo>
                    <VersionInfo Name="Build">0</VersionInfo>
                    <VersionInfo Name="Debug">False</VersionInfo>
                    <VersionInfo Name="PreRelease">False</VersionInfo>
                    <VersionInfo Name="Special">False</VersionInfo>
                    <VersionInfo Name="Private">False</VersionInfo>
                    <VersionInfo Name="DLL">False</VersionInfo>
                    <VersionInfo Name="Locale">1046</VersionInfo>
                    <VersionInfo Name="CodePage">1252</VersionInfo>
                </VersionInfo>
                <VersionInfoKeys>
                    <VersionInfoKeys Name="CompanyName"/>
                    <VersionInfoKeys Name="FileDescription"/>
                    <VersionInfoKeys Name="FileVersion">1.0.0.0</VersionInfoKeys>
                    <VersionInfoKeys Name="InternalName"/>
                    <VersionInfoKeys Name="LegalCopyright"/>
                    <VersionInfoKeys Name="LegalTrademarks"/>
                    <VersionInfoKeys Name="OriginalFilename"/>
                    <VersionInfoKeys Name="ProductName"/>
                    <VersionInfoKeys Name="ProductVersion">1.0.0.0</VersionInfoKeys>
                    <VersionInfoKeys Name="Comments"/>
                    <VersionInfoKeys Name="CFBundleName"/>
                    <VersionInfoKeys Name="CFBundleDisplayName"/>
                    <VersionInfoKeys Name="UIDeviceFamily"/>
                    <VersionInfoKeys Name="CFBundleIdentifier"/>
                    <VersionInfoKeys Name="CFBundleVersion"/>
                    <VersionInfoKeys Name="CFBundlePackageType"/>
                    <VersionInfoKeys Name="CFBundleSignature"/>
                    <VersionInfoKeys Name="CFBundleAllowMixedLocalizations"/>
                    <VersionInfoKeys Name="UISupportedInterfaceOrientations"/>
                    <VersionInfoKeys Name="CFBundleExecutable"/>
                    <VersionInfoKeys Name="CFBundleResourceSpecification"/>
                    <VersionInfoKeys Name="LSRequiresIPhoneOS"/>
                    <VersionInfoKeys Name="CFBundleInfoDictionaryVersion"/>
                    <VersionInfoKeys Name="CFBundleDevelopmentRegion"/>
                    <VersionInfoKeys Name="package"/>
                    <VersionInfoKeys Name="label"/>
                    <VersionInfoKeys Name="versionCode"/>
                    <VersionInfoKeys Name="versionName"/>
                    <VersionInfoKeys Name="persistent"/>
                    <VersionInfoKeys Name="restoreAnyVersion"/>
                    <VersionInfoKeys Name="installLocation"/>
                    <VersionInfoKeys Name="largeHeap"/>
                    <VersionInfoKeys Name="theme"/>
                </VersionInfoKeys>
            </Delphi.Personality>
            <Platforms>
                <Platform value="Android" ActiveMobileDevice="android">True</Platform>
                <Platform value="OSX32">False</Platform>
                <Platform value="Win32">True</Platform>
                <Platform value="Win64">False</Platform>
            </Platforms>
        </BorlandProject>
        <ProjectFileVersion>12</ProjectFileVersion>
    </ProjectExtensions>
    <Import Project="$(BDS)\Bin\CodeGear.Delphi.Targets" Condition="Exists('$(BDS)\Bin\CodeGear.Delphi.Targets')"/>
    <Import Project="$(APPDATA)\Embarcadero\$(BDSAPPDATABASEDIR)\$(PRODUCTVERSION)\UserTools.proj" Condition="Exists('$(APPDATA)\Embarcadero\$(BDSAPPDATABASEDIR)\$(PRODUCTVERSION)\UserTools.proj')"/>
</Project>
